lockfileVersion: 5.3

specifiers:
  '@types/node': ^16.11.0
  esbuild: ^0.13.6
  ts-node: ^10.3.0
  typescript: ^4.4.4

devDependencies:
  '@types/node': 16.11.0
  esbuild: 0.13.6
  ts-node: 10.3.0_036181877a83ed913a2bbec8dcc74354
  typescript: 4.4.4

packages:

  /@cspotcode/source-map-consumer/0.8.0:
    resolution: {integrity: sha512-41qniHzTU8yAGbCp04ohlmSrZf8bkf/iJsl3V0dRGsQN/5GFfx+LbCSsCpp2gqrqjTVg/K6O8ycoV35JIwAzAg==}
    engines: {node: '>= 12'}
    dev: true

  /@cspotcode/source-map-support/0.7.0:
    resolution: {integrity: sha512-X4xqRHqN8ACt2aHVe51OxeA2HjbcL4MqFqXkrmQszJ1NOUuUu5u6Vqx/0lZSVNku7velL5FC/s5uEAj1lsBMhA==}
    engines: {node: '>=12'}
    dependencies:
      '@cspotcode/source-map-consumer': 0.8.0
    dev: true

  /@tsconfig/node10/1.0.8:
    resolution: {integrity: sha512-6XFfSQmMgq0CFLY1MslA/CPUfhIL919M1rMsa5lP2P097N2Wd1sSX0tx1u4olM16fLNhtHZpRhedZJphNJqmZg==}
    dev: true

  /@tsconfig/node12/1.0.9:
    resolution: {integrity: sha512-/yBMcem+fbvhSREH+s14YJi18sp7J9jpuhYByADT2rypfajMZZN4WQ6zBGgBKp53NKmqI36wFYDb3yaMPurITw==}
    dev: true

  /@tsconfig/node14/1.0.1:
    resolution: {integrity: sha512-509r2+yARFfHHE7T6Puu2jjkoycftovhXRqW328PDXTVGKihlb1P8Z9mMZH04ebyajfRY7dedfGynlrFHJUQCg==}
    dev: true

  /@tsconfig/node16/1.0.2:
    resolution: {integrity: sha512-eZxlbI8GZscaGS7kkc/trHTT5xgrjH3/1n2JDwusC9iahPKWMRvRjJSAN5mCXviuTGQ/lHnhvv8Q1YTpnfz9gA==}
    dev: true

  /@types/node/16.11.0:
    resolution: {integrity: sha512-8MLkBIYQMuhRBQzGN9875bYsOhPnf/0rgXGo66S2FemHkhbn9qtsz9ywV1iCG+vbjigE4WUNVvw37Dx+L0qsPg==}
    dev: true

  /acorn-walk/8.2.0:
    resolution: {integrity: sha512-k+iyHEuPgSw6SbuDpGQM+06HQUa04DZ3o+F6CSzXMvvI5KMvnaEqXe+YVe555R9nn6GPt404fos4wcgpw12SDA==}
    engines: {node: '>=0.4.0'}
    dev: true

  /acorn/8.5.0:
    resolution: {integrity: sha512-yXbYeFy+jUuYd3/CDcg2NkIYE991XYX/bje7LmjJigUciaeO1JR4XxXgCIV1/Zc/dRuFEyw1L0pbA+qynJkW5Q==}
    engines: {node: '>=0.4.0'}
    hasBin: true
    dev: true

  /arg/4.1.3:
    resolution: {integrity: sha512-58S9QDqG0Xx27YwPSt9fJxivjYl432YCwfDMfZ+71RAqUrZef7LrKQZ3LHLOwCS4FLNBplP533Zx895SeOCHvA==}
    dev: true

  /create-require/1.1.1:
    resolution: {integrity: sha512-dcKFX3jn0MpIaXjisoRvexIJVEKzaq7z2rZKxf+MSr9TkdmHmsU4m2lcLojrj/FHl8mk5VxMmYA+ftRkP/3oKQ==}
    dev: true

  /diff/4.0.2:
    resolution: {integrity: sha512-58lmxKSA4BNyLz+HHMUzlOEpg09FV+ev6ZMe3vJihgdxzgcwZ8VoEEPmALCZG9LmqfVoNMMKpttIYTVG6uDY7A==}
    engines: {node: '>=0.3.1'}
    dev: true

  /esbuild-android-arm64/0.13.6:
    resolution: {integrity: sha512-uEwrMRzqNzXxzIi0K/CtHn3/SPoRso4Dd/aJCpf9KuX+kCs9Tlhz29cKbZieznYAekdo36fDUrZyuugAwSdI+A==}
    cpu: [arm64]
    os: [android]
    requiresBuild: true
    dev: true
    optional: true

  /esbuild-darwin-64/0.13.6:
    resolution: {integrity: sha512-oJdWZn2QV5LTM24/vVWaUFlMVlRhpG9zZIA6Xd+xbCULOURwYnYRQWIzRpXNtTfuAr3+em9PqKUaGtYqvO/DYg==}
    cpu: [x64]
    os: [darwin]
    requiresBuild: true
    dev: true
    optional: true

  /esbuild-darwin-arm64/0.13.6:
    resolution: {integrity: sha512-+f8Yn5doTEpCWtBaGxciDTikxESdGCNZpLYtXzMJLTWFHr8zqfAf4TAYGvg6T5T6N7OMC8HHy3GM+BijFXDXMg==}
    cpu: [arm64]
    os: [darwin]
    requiresBuild: true
    dev: true
    optional: true

  /esbuild-freebsd-64/0.13.6:
    resolution: {integrity: sha512-Yb/DgZUX0C6i4vnOymthLzoWAJBYWbn3Y2F4wKEufsx2veGN/wlwO/yz7IWGVVzb2zMUqbt30hCLF61sUFe7gA==}
    cpu: [x64]
    os: [freebsd]
    requiresBuild: true
    dev: true
    optional: true

  /esbuild-freebsd-arm64/0.13.6:
    resolution: {integrity: sha512-UKYlEb7mwprSJ9VW9+q3/Mgxest45I6rGMB/hrKY1T6lqoBVhWS4BTbL4EGetWdk05Tw4njFAO9+nmxgl7jMlA==}
    cpu: [arm64]
    os: [freebsd]
    requiresBuild: true
    dev: true
    optional: true

  /esbuild-linux-32/0.13.6:
    resolution: {integrity: sha512-hQCZfSLBYtn8f1afFT6Dh9KeLsW12xLqrqssbhpi/xfN9c/bbCh/QQZaR9ZOEnmBHHRPb7rbSo3jQqlCWYb7LQ==}
    cpu: [ia32]
    os: [linux]
    requiresBuild: true
    dev: true
    optional: true

  /esbuild-linux-64/0.13.6:
    resolution: {integrity: sha512-bRQwsD+xJoajonfyeq5JpiNRogH4mYFYbYsGhwrtQ4pMGk93V/4KuKQiKEisRZO0hYhZL4MtxufwF195zKlCAw==}
    cpu: [x64]
    os: [linux]
    requiresBuild: true
    dev: true
    optional: true

  /esbuild-linux-arm/0.13.6:
    resolution: {integrity: sha512-qQUrpL7QoPqujXEFSpeu6QZ43z0+OdDPHDkLO0GPbpV/jebP7J+0FreMqoq7ZxWG4rPigwcRdEyqzHh8Bh4Faw==}
    cpu: [arm]
    os: [linux]
    requiresBuild: true
    dev: true
    optional: true

  /esbuild-linux-arm64/0.13.6:
    resolution: {integrity: sha512-sRc1lt9ma1xBvInCwpS77ywR6KVdcJNsErsrDkDXx3mVe8DLLEn05TG0nIX9I+s8ouHEepikdKCfe1DZdILRjQ==}
    cpu: [arm64]
    os: [linux]
    requiresBuild: true
    dev: true
    optional: true

  /esbuild-linux-mips64le/0.13.6:
    resolution: {integrity: sha512-1lsHZaIsHlFkHn1QRa/EONPGVHwzdIrkKn6r2m9cYUIn2J+rKtJg0e+WkNG3MaIrxozaGKaiSPGvaG1toCbZjw==}
    cpu: [mips64el]
    os: [linux]
    requiresBuild: true
    dev: true
    optional: true

  /esbuild-linux-ppc64le/0.13.6:
    resolution: {integrity: sha512-x223JNC8XeLDf05zLaKfxqCEWVct4frp8ft8Qc13cha33TMrqMFaSPq6cgpgT2VYuUsXtwoocoWChKfvy+AUQg==}
    cpu: [ppc64]
    os: [linux]
    requiresBuild: true
    dev: true
    optional: true

  /esbuild-netbsd-64/0.13.6:
    resolution: {integrity: sha512-TonKf530kT25+zi1Da6esITmuBJe13QiN+QGVch6YE8t720IvIelDGwkOQN3Td7A0JjbSbK3u+Fo6YaL151VxQ==}
    cpu: [x64]
    os: [netbsd]
    requiresBuild: true
    dev: true
    optional: true

  /esbuild-openbsd-64/0.13.6:
    resolution: {integrity: sha512-WFa5J0IuyER0UJbCGw87gvGWXGfhxeNppYcvQjp0pWYuH4FS+YqphyjV0RJlybzzDpAXkyZ9RzkMFtSAp+6AUA==}
    cpu: [x64]
    os: [openbsd]
    requiresBuild: true
    dev: true
    optional: true

  /esbuild-sunos-64/0.13.6:
    resolution: {integrity: sha512-duCL8Ewri+zjKxuN/61maniDxcd8fHwSuubdAPofll0y0E6WcL/R/e/mQzhHIuoguFm5RJkKun1qua54javh7g==}
    cpu: [x64]
    os: [sunos]
    requiresBuild: true
    dev: true
    optional: true

  /esbuild-windows-32/0.13.6:
    resolution: {integrity: sha512-U8RkpT4f0/dygA5ytFyHNZ/fRECU9LWBMrqWflNhM31iTi6RhU0QTuOzFYkmpYnwl358ZZhVoBeEOm313d4u4A==}
    cpu: [ia32]
    os: [win32]
    requiresBuild: true
    dev: true
    optional: true

  /esbuild-windows-64/0.13.6:
    resolution: {integrity: sha512-A23VyUeyBfSWUYNL0jtrJi5M/2yR/RR8zfpGQ0wU0fldqV2vxnvmBYOBwRxexFYCDRpRWh4cPFsoYoXRCFa8Dg==}
    cpu: [x64]
    os: [win32]
    requiresBuild: true
    dev: true
    optional: true

  /esbuild-windows-arm64/0.13.6:
    resolution: {integrity: sha512-K/pFqK/s5C6wXYcFKO9iPY4yU3DI0/Gbl1W2+OhaPHoXu13VGBmqbCiQ5lohHGE72FFQl76naOjEayEiI+gDMQ==}
    cpu: [arm64]
    os: [win32]
    requiresBuild: true
    dev: true
    optional: true

  /esbuild/0.13.6:
    resolution: {integrity: sha512-zkMkYwC9ohVe6qxXykKf/4jfbtM/09CL8UEEnwuhO7Xq8NOTN2yAwCrmKKvHlGrEej6Y8e/tAmHB7wMMg7O0ew==}
    hasBin: true
    requiresBuild: true
    optionalDependencies:
      esbuild-android-arm64: 0.13.6
      esbuild-darwin-64: 0.13.6
      esbuild-darwin-arm64: 0.13.6
      esbuild-freebsd-64: 0.13.6
      esbuild-freebsd-arm64: 0.13.6
      esbuild-linux-32: 0.13.6
      esbuild-linux-64: 0.13.6
      esbuild-linux-arm: 0.13.6
      esbuild-linux-arm64: 0.13.6
      esbuild-linux-mips64le: 0.13.6
      esbuild-linux-ppc64le: 0.13.6
      esbuild-netbsd-64: 0.13.6
      esbuild-openbsd-64: 0.13.6
      esbuild-sunos-64: 0.13.6
      esbuild-windows-32: 0.13.6
      esbuild-windows-64: 0.13.6
      esbuild-windows-arm64: 0.13.6
    dev: true

  /make-error/1.3.6:
    resolution: {integrity: sha512-s8UhlNe7vPKomQhC1qFelMokr/Sc3AgNbso3n74mVPA5LTZwkB9NlXf4XPamLxJE8h0gh73rM94xvwRT2CVInw==}
    dev: true

  /ts-node/10.3.0_036181877a83ed913a2bbec8dcc74354:
    resolution: {integrity: sha512-RYIy3i8IgpFH45AX4fQHExrT8BxDeKTdC83QFJkNzkvt8uFB6QJ8XMyhynYiKMLxt9a7yuXaDBZNOYS3XjDcYw==}
    hasBin: true
    peerDependencies:
      '@swc/core': '>=1.2.50'
      '@swc/wasm': '>=1.2.50'
      '@types/node': '*'
      typescript: '>=2.7'
    peerDependenciesMeta:
      '@swc/core':
        optional: true
      '@swc/wasm':
        optional: true
    dependencies:
      '@cspotcode/source-map-support': 0.7.0
      '@tsconfig/node10': 1.0.8
      '@tsconfig/node12': 1.0.9
      '@tsconfig/node14': 1.0.1
      '@tsconfig/node16': 1.0.2
      '@types/node': 16.11.0
      acorn: 8.5.0
      acorn-walk: 8.2.0
      arg: 4.1.3
      create-require: 1.1.1
      diff: 4.0.2
      make-error: 1.3.6
      typescript: 4.4.4
      yn: 3.1.1
    dev: true

  /typescript/4.4.4:
    resolution: {integrity: sha512-DqGhF5IKoBl8WNf8C1gu8q0xZSInh9j1kJJMqT3a94w1JzVaBU4EXOSMrz9yDqMT0xt3selp83fuFMQ0uzv6qA==}
    engines: {node: '>=4.2.0'}
    hasBin: true
    dev: true

  /yn/3.1.1:
    resolution: {integrity: sha512-Ux4ygGWsu2c7isFWe8Yu1YluJmqVhxqK2cLXNQA5AcC3QfbGNpM7fu0Y8b/z16pXLnFxZYvWhd3fhBY9DLmC6Q==}
    engines: {node: '>=6'}
    dev: true
